<?xml version="1.0" encoding="utf-8"?>
<Project ToolsVersion="4.0" xmlns="http://schemas.microsoft.com/developer/msbuild/2003">
  <ItemGroup>
    <Filter Include="Source Files">
      <UniqueIdentifier>{4FC737F1-C7A5-4376-A066-2A32D752A2FF}</UniqueIdentifier>
      <Extensions>cpp;c;cc;cxx;def;odl;idl;hpj;bat;asm;asmx</Extensions>
    </Filter>
    <Filter Include="_Framework">
      <UniqueIdentifier>{0b776af2-bfcb-4635-9387-79853b59c5c6}</UniqueIdentifier>
    </Filter>
    <Filter Include="_Libs">
      <UniqueIdentifier>{d070f632-a0e4-474c-b128-e5bb87e185cc}</UniqueIdentifier>
    </Filter>
    <Filter Include="_Libs\GLFW">
      <UniqueIdentifier>{6850435d-5aa4-4265-a0df-8a437a8c611f}</UniqueIdentifier>
    </Filter>
    <Filter Include="_Libs\SB7">
      <UniqueIdentifier>{98ceaf53-6612-4a0d-a4b7-d1aff56b73f8}</UniqueIdentifier>
    </Filter>
    <Filter Include="_Libs\SB7\libs">
      <UniqueIdentifier>{fb4ab8fc-2bf6-49b0-be95-9b025ed68ee9}</UniqueIdentifier>
    </Filter>
    <Filter Include="_Libs\SB7\include">
      <UniqueIdentifier>{0582b974-007b-41b6-9713-de111e669b15}</UniqueIdentifier>
    </Filter>
    <Filter Include="_Libs\SB7\include\GL">
      <UniqueIdentifier>{4eb24570-7e69-4fa1-8c14-a8bf4f939c21}</UniqueIdentifier>
    </Filter>
    <Filter Include="_Libs\GLFW\libs">
      <UniqueIdentifier>{ae598e99-bbb5-4f0f-a363-c1ad2696e0fb}</UniqueIdentifier>
    </Filter>
    <Filter Include="_Libs\GLFW\include">
      <UniqueIdentifier>{6e37027e-6f03-429f-84e5-c3e9f66f6389}</UniqueIdentifier>
    </Filter>
    <Filter Include="_Libs\GLFW\include\GLFW">
      <UniqueIdentifier>{39dbaeed-fa92-48b2-b85f-04a98c4173cd}</UniqueIdentifier>
    </Filter>
    <Filter Include="_Libs\Math">
      <UniqueIdentifier>{08b764a8-78dc-46c3-b3b2-37960854d2d2}</UniqueIdentifier>
    </Filter>
    <Filter Include="_Libs\Math\include">
      <UniqueIdentifier>{7a9ddb39-849b-42bb-bfa2-6bf581dbfe70}</UniqueIdentifier>
    </Filter>
    <Filter Include="_Libs\Math\libs">
      <UniqueIdentifier>{a70fd6b7-0913-4de2-a9af-13efaaf4c2e3}</UniqueIdentifier>
    </Filter>
    <Filter Include="_Libs\File">
      <UniqueIdentifier>{d18a0640-19f5-47f0-8db4-b67b0646b29c}</UniqueIdentifier>
    </Filter>
    <Filter Include="_Libs\File\include">
      <UniqueIdentifier>{e984cfb0-64fd-4df2-82ad-ef2c6b6345c6}</UniqueIdentifier>
    </Filter>
    <Filter Include="_Libs\File\libs">
      <UniqueIdentifier>{bf407ce2-ae9e-4deb-90c1-27ee86e6e1ec}</UniqueIdentifier>
    </Filter>
    <Filter Include="Source Files\Model">
      <UniqueIdentifier>{2aa85d38-dd8b-4822-8481-4bc2313f9aa3}</UniqueIdentifier>
    </Filter>
    <Filter Include="Source Files\Shader">
      <UniqueIdentifier>{48a6114d-40b2-45e8-b542-e01676a413b8}</UniqueIdentifier>
    </Filter>
    <Filter Include="Source Files\GraphicsObject">
      <UniqueIdentifier>{592a50ff-f337-4bdb-9b21-02f2fe3fe426}</UniqueIdentifier>
    </Filter>
    <Filter Include="Source Files\Tga">
      <UniqueIdentifier>{b6b091e2-27e3-433e-8db1-8771bbb05bc8}</UniqueIdentifier>
    </Filter>
    <Filter Include="Source Files\GameObject">
      <UniqueIdentifier>{26440e93-833e-42e8-a422-e981ee48ff07}</UniqueIdentifier>
    </Filter>
    <Filter Include="Source Files\Game">
      <UniqueIdentifier>{997ab4c4-0d06-4e90-b5be-b2d7abcf55c8}</UniqueIdentifier>
    </Filter>
    <Filter Include="Source Files\Texture">
      <UniqueIdentifier>{ff9e8427-62ed-4308-8180-d1f63b739aef}</UniqueIdentifier>
    </Filter>
    <Filter Include="Source Files\Input">
      <UniqueIdentifier>{f7215d6c-5f40-4023-a075-bffc24c4cdd9}</UniqueIdentifier>
    </Filter>
    <Filter Include="Source Files\Camera">
      <UniqueIdentifier>{4ad16a5a-91e5-45c1-8c58-821896f765a9}</UniqueIdentifier>
    </Filter>
    <Filter Include="_Libs\PCSTree">
      <UniqueIdentifier>{b7ec76fc-25ce-46ab-902c-ceb8b5264d1d}</UniqueIdentifier>
    </Filter>
    <Filter Include="_Libs\PCSTree\include">
      <UniqueIdentifier>{ec8d3d7a-66c6-4b02-8e1f-af5640d5ac98}</UniqueIdentifier>
    </Filter>
    <Filter Include="_Libs\PCSTree\libs">
      <UniqueIdentifier>{e9780e9c-2784-49f6-be75-1e22a365389f}</UniqueIdentifier>
    </Filter>
    <Filter Include="Source Files\Bounding">
      <UniqueIdentifier>{8fd271d2-ac6f-4de6-bea5-eb13d58a93c7}</UniqueIdentifier>
    </Filter>
    <Filter Include="Source Files\_Diagrams">
      <UniqueIdentifier>{89eb39fb-e764-4e7b-9660-1bba4f53b6a5}</UniqueIdentifier>
    </Filter>
    <Filter Include="_Libs\Time">
      <UniqueIdentifier>{d27d83ed-a5ba-4535-92f4-9df3432677ff}</UniqueIdentifier>
    </Filter>
    <Filter Include="_Libs\Time\include">
      <UniqueIdentifier>{e4d840af-4261-43e7-b8f3-b4ecf7c0c603}</UniqueIdentifier>
    </Filter>
    <Filter Include="_Libs\Time\libs">
      <UniqueIdentifier>{eb971576-3e34-433e-996f-e895979cfd31}</UniqueIdentifier>
    </Filter>
    <Filter Include="Source Files\Animation">
      <UniqueIdentifier>{a60a7806-a103-409b-9079-2240f3770ba9}</UniqueIdentifier>
    </Filter>
    <Filter Include="Source Files\Vect2D">
      <UniqueIdentifier>{99ea1af8-ff01-49c9-92ab-a68d810bc63a}</UniqueIdentifier>
    </Filter>
    <Filter Include="Source Files\Image">
      <UniqueIdentifier>{a4652600-ee35-4b0d-b0ee-9c22ab1439e6}</UniqueIdentifier>
    </Filter>
    <Filter Include="Source Files\Font">
      <UniqueIdentifier>{9165a5a0-fee9-49fc-ad12-1a2cb97df7cc}</UniqueIdentifier>
    </Filter>
    <Filter Include="Source Files\Skin">
      <UniqueIdentifier>{b85a127e-6d93-4e90-88ec-adf84b9ee1dc}</UniqueIdentifier>
    </Filter>
    <Filter Include="Source Files\ComputeShader">
      <UniqueIdentifier>{04cf8efb-4a71-4cb0-9568-623d9fc6e5d8}</UniqueIdentifier>
    </Filter>
  </ItemGroup>
  <ItemGroup>
    <None Include="..\Framework\__DO NOT MODIFY__">
      <Filter>_Framework</Filter>
    </None>
    <None Include="colorRender.fs.glsl">
      <Filter>Source Files\Shader</Filter>
    </None>
    <None Include="colorRender.vs.glsl">
      <Filter>Source Files\Shader</Filter>
    </None>
    <None Include="textureRender.fs.glsl">
      <Filter>Source Files\Shader</Filter>
    </None>
    <None Include="textureRender.vs.glsl">
      <Filter>Source Files\Shader</Filter>
    </None>
    <None Include="nullRender.fs.glsl">
      <Filter>Source Files\Shader</Filter>
    </None>
    <None Include="nullRender.vs.glsl">
      <Filter>Source Files\Shader</Filter>
    </None>
    <None Include="texturePointLightDiff.fs.glsl">
      <Filter>Source Files\Shader</Filter>
    </None>
    <None Include="texturePointLightDiff.vs.glsl">
      <Filter>Source Files\Shader</Filter>
    </None>
    <None Include="constcolorRender.fs.glsl">
      <Filter>Source Files\Shader</Filter>
    </None>
    <None Include="constcolorRender.vs.glsl">
      <Filter>Source Files\Shader</Filter>
    </None>
    <None Include="colorSingleRender.fs.glsl">
      <Filter>Source Files\Shader</Filter>
    </None>
    <None Include="colorSingleRender.vs.glsl">
      <Filter>Source Files\Shader</Filter>
    </None>
    <None Include="Render_Diagram.cd">
      <Filter>Source Files\_Diagrams</Filter>
    </None>
    <None Include="Texture_Diagram.cd">
      <Filter>Source Files\_Diagrams</Filter>
    </None>
    <None Include="GameObject_Diagram.cd">
      <Filter>Source Files\_Diagrams</Filter>
    </None>
    <None Include="spriteRender.vs.glsl">
      <Filter>Source Files\Shader</Filter>
    </None>
    <None Include="spriteRender.fs.glsl">
      <Filter>Source Files\Shader</Filter>
    </None>
    <None Include="SkinColor.vs.glsl">
      <Filter>Source Files\Skin</Filter>
    </None>
    <None Include="SkinColorLightRender.fs.glsl">
      <Filter>Source Files\Skin</Filter>
    </None>
    <None Include="SkinColorLightRender.vs.glsl">
      <Filter>Source Files\Skin</Filter>
    </None>
    <None Include="ComputeMixer.cs.glsl">
      <Filter>Source Files\ComputeShader</Filter>
    </None>
    <None Include="ComputeWorldMatrix.cs.glsl">
      <Filter>Source Files\ComputeShader</Filter>
    </None>
    <None Include="Font.cd">
      <Filter>Source Files\Font</Filter>
    </None>
  </ItemGroup>
  <ItemGroup>
    <ClCompile Include="CubeModel.cpp">
      <Filter>Source Files\Model</Filter>
    </ClCompile>
    <ClCompile Include="Engine.cpp">
      <Filter>Source Files\Game</Filter>
    </ClCompile>
    <ClCompile Include="ShaderObject.cpp">
      <Filter>Source Files\Shader</Filter>
    </ClCompile>
    <ClCompile Include="GameObject.cpp">
      <Filter>Source Files\GameObject</Filter>
    </ClCompile>
    <ClCompile Include="Model.cpp">
      <Filter>Source Files\Model</Filter>
    </ClCompile>
    <ClCompile Include="GraphicsObject.cpp">
      <Filter>Source Files\GraphicsObject</Filter>
    </ClCompile>
    <ClCompile Include="GraphicsObject_ColorByPosition.cpp">
      <Filter>Source Files\GraphicsObject</Filter>
    </ClCompile>
    <ClCompile Include="GraphicsObject_Wireframe.cpp">
      <Filter>Source Files\GraphicsObject</Filter>
    </ClCompile>
    <ClCompile Include="GraphicsObject_FlatTexture.cpp">
      <Filter>Source Files\GraphicsObject</Filter>
    </ClCompile>
    <ClCompile Include="Game.cpp">
      <Filter>Source Files\Game</Filter>
    </ClCompile>
    <ClCompile Include="Texture.cpp">
      <Filter>Source Files\Texture</Filter>
    </ClCompile>
    <ClCompile Include="InputMan.cpp">
      <Filter>Source Files\Input</Filter>
    </ClCompile>
    <ClCompile Include="Keyboard.cpp">
      <Filter>Source Files\Input</Filter>
    </ClCompile>
    <ClCompile Include="InputTest.cpp">
      <Filter>Source Files\Input</Filter>
    </ClCompile>
    <ClCompile Include="Mouse.cpp">
      <Filter>Source Files\Input</Filter>
    </ClCompile>
    <ClCompile Include="Camera.cpp">
      <Filter>Source Files\Camera</Filter>
    </ClCompile>
    <ClCompile Include="GameObjectMan.cpp">
      <Filter>Source Files\GameObject</Filter>
    </ClCompile>
    <ClCompile Include="NullModel.cpp">
      <Filter>Source Files\Model</Filter>
    </ClCompile>
    <ClCompile Include="GraphicsObject_Null.cpp">
      <Filter>Source Files\GraphicsObject</Filter>
    </ClCompile>
    <ClCompile Include="GraphicsObject_TextureLight.cpp">
      <Filter>Source Files\GraphicsObject</Filter>
    </ClCompile>
    <ClCompile Include="GraphicsObject_ConstColor.cpp">
      <Filter>Source Files\GraphicsObject</Filter>
    </ClCompile>
    <ClCompile Include="SphereModel.cpp">
      <Filter>Source Files\Model</Filter>
    </ClCompile>
    <ClCompile Include="GraphicsObject_WireframeConstantColor.cpp">
      <Filter>Source Files\GraphicsObject</Filter>
    </ClCompile>
    <ClCompile Include="BoundingSphere.cpp">
      <Filter>Source Files\Bounding</Filter>
    </ClCompile>
    <ClCompile Include="CameraDemoInput.cpp">
      <Filter>Source Files\Camera</Filter>
    </ClCompile>
    <ClCompile Include="CameraMan.cpp">
      <Filter>Source Files\Camera</Filter>
    </ClCompile>
    <ClCompile Include="CameraModel.cpp">
      <Filter>Source Files\Camera</Filter>
    </ClCompile>
    <ClCompile Include="CameraNode.cpp">
      <Filter>Source Files\Camera</Filter>
    </ClCompile>
    <ClCompile Include="BoundingSphereGameObject.cpp">
      <Filter>Source Files\GameObject</Filter>
    </ClCompile>
    <ClCompile Include="PyramidModel.cpp">
      <Filter>Source Files\Model</Filter>
    </ClCompile>
    <ClCompile Include="Anim.cpp">
      <Filter>Source Files\Animation</Filter>
    </ClCompile>
    <ClCompile Include="Anim2Bone.cpp">
      <Filter>Source Files\Animation</Filter>
    </ClCompile>
    <ClCompile Include="GraphicsDebugMessage.cpp">
      <Filter>Source Files\GraphicsObject</Filter>
    </ClCompile>
    <ClCompile Include="GameObjectAnim.cpp">
      <Filter>Source Files\GameObject</Filter>
    </ClCompile>
    <ClCompile Include="GameObjectRigid.cpp">
      <Filter>Source Files\GameObject</Filter>
    </ClCompile>
    <ClCompile Include="AnimManager.cpp">
      <Filter>Source Files\Animation</Filter>
    </ClCompile>
    <ClCompile Include="ModelMan.cpp">
      <Filter>Source Files\Model</Filter>
    </ClCompile>
    <ClCompile Include="ShaderMan.cpp">
      <Filter>Source Files\Shader</Filter>
    </ClCompile>
    <ClCompile Include="FrameBucket.cpp">
      <Filter>Source Files\Animation</Filter>
    </ClCompile>
    <ClCompile Include="TextureMan.cpp">
      <Filter>Source Files\Texture</Filter>
    </ClCompile>
    <ClCompile Include="SpeedControl.cpp">
      <Filter>Source Files\Input</Filter>
    </ClCompile>
    <ClCompile Include="Color.cpp">
      <Filter>Source Files\Vect2D</Filter>
    </ClCompile>
    <ClCompile Include="Rect.cpp">
      <Filter>Source Files\Vect2D</Filter>
    </ClCompile>
    <ClCompile Include="Vect2D.cpp">
      <Filter>Source Files\Vect2D</Filter>
    </ClCompile>
    <ClCompile Include="Image.cpp">
      <Filter>Source Files\Image</Filter>
    </ClCompile>
    <ClCompile Include="ImageMan.cpp">
      <Filter>Source Files\Image</Filter>
    </ClCompile>
    <ClCompile Include="GameObject2D.cpp">
      <Filter>Source Files\GameObject</Filter>
    </ClCompile>
    <ClCompile Include="GameObjectNull.cpp">
      <Filter>Source Files\GameObject</Filter>
    </ClCompile>
    <ClCompile Include="GraphicsObject_Sprite.cpp">
      <Filter>Source Files\GraphicsObject</Filter>
    </ClCompile>
    <ClCompile Include="SpriteModel.cpp">
      <Filter>Source Files\Model</Filter>
    </ClCompile>
    <ClCompile Include="Glyph.cpp">
      <Filter>Source Files\Font</Filter>
    </ClCompile>
    <ClCompile Include="GlyphMan.cpp">
      <Filter>Source Files\Font</Filter>
    </ClCompile>
    <ClCompile Include="Font.cpp">
      <Filter>Source Files\Font</Filter>
    </ClCompile>
    <ClCompile Include="FontMan.cpp">
      <Filter>Source Files\Font</Filter>
    </ClCompile>
    <ClCompile Include="GameObjectSimple.cpp">
      <Filter>Source Files\GameObject</Filter>
    </ClCompile>
    <ClCompile Include="main.cpp">
      <Filter>Source Files</Filter>
    </ClCompile>
    <ClCompile Include="SkinModel.cpp">
      <Filter>Source Files\Skin</Filter>
    </ClCompile>
    <ClCompile Include="GraphicsObject_SkinConstColor.cpp">
      <Filter>Source Files\Skin</Filter>
    </ClCompile>
    <ClCompile Include="SSBO.cpp">
      <Filter>Source Files\ComputeShader</Filter>
    </ClCompile>
    <ClCompile Include="SkinGameObject.cpp">
      <Filter>Source Files\Skin</Filter>
    </ClCompile>
    <ClCompile Include="Anim_GPU.cpp">
      <Filter>Source Files\ComputeShader</Filter>
    </ClCompile>
    <ClCompile Include="Anim_Reduced.cpp">
      <Filter>Source Files\ComputeShader</Filter>
    </ClCompile>
  </ItemGroup>
  <ItemGroup>
    <ClInclude Include="..\..\System_Libs\GLFW\include\GLFW\glfw3.h">
      <Filter>_Libs\GLFW\include\GLFW</Filter>
    </ClInclude>
    <ClInclude Include="..\..\System_Libs\GLFW\include\GLFW\glfw3native.h">
      <Filter>_Libs\GLFW\include\GLFW</Filter>
    </ClInclude>
    <ClInclude Include="..\..\System_Libs\SB7\include\GL\wglext.h">
      <Filter>_Libs\SB7\include\GL</Filter>
    </ClInclude>
    <ClInclude Include="..\..\System_Libs\SB7\include\GL\gl3w.h">
      <Filter>_Libs\SB7\include\GL</Filter>
    </ClInclude>
    <ClInclude Include="..\..\System_Libs\SB7\include\GL\glcorearb.h">
      <Filter>_Libs\SB7\include\GL</Filter>
    </ClInclude>
    <ClInclude Include="..\..\System_Libs\SB7\include\GL\glext.h">
      <Filter>_Libs\SB7\include\GL</Filter>
    </ClInclude>
    <ClInclude Include="..\..\System_Libs\SB7\include\GL\glxext.h">
      <Filter>_Libs\SB7\include\GL</Filter>
    </ClInclude>
    <ClInclude Include="..\..\System_Libs\SB7\include\object.h">
      <Filter>_Libs\SB7\include</Filter>
    </ClInclude>
    <ClInclude Include="..\..\System_Libs\SB7\include\sb6mfile.h">
      <Filter>_Libs\SB7\include</Filter>
    </ClInclude>
    <ClInclude Include="..\..\System_Libs\SB7\include\sb7.h">
      <Filter>_Libs\SB7\include</Filter>
    </ClInclude>
    <ClInclude Include="..\..\System_Libs\SB7\include\sb7color.h">
      <Filter>_Libs\SB7\include</Filter>
    </ClInclude>
    <ClInclude Include="..\..\System_Libs\SB7\include\sb7ext.h">
      <Filter>_Libs\SB7\include</Filter>
    </ClInclude>
    <ClInclude Include="..\..\System_Libs\SB7\include\sb7ktx.h">
      <Filter>_Libs\SB7\include</Filter>
    </ClInclude>
    <ClInclude Include="..\..\System_Libs\SB7\include\sb7textoverlay.h">
      <Filter>_Libs\SB7\include</Filter>
    </ClInclude>
    <ClInclude Include="..\..\System_Libs\SB7\include\shader.h">
      <Filter>_Libs\SB7\include</Filter>
    </ClInclude>
    <ClInclude Include="..\..\System_Libs\SB7\include\vmath.h">
      <Filter>_Libs\SB7\include</Filter>
    </ClInclude>
    <ClInclude Include="..\Framework\Framework.h">
      <Filter>_Framework</Filter>
    </ClInclude>
    <ClInclude Include="..\..\System_Libs\File\include\File.h">
      <Filter>_Libs\File\include</Filter>
    </ClInclude>
    <ClInclude Include="CubeModel.h">
      <Filter>Source Files\Model</Filter>
    </ClInclude>
    <ClInclude Include="Model.h">
      <Filter>Source Files\Model</Filter>
    </ClInclude>
    <ClInclude Include="Engine.h">
      <Filter>Source Files\Game</Filter>
    </ClInclude>
    <ClInclude Include="ShaderObject.h">
      <Filter>Source Files\Shader</Filter>
    </ClInclude>
    <ClInclude Include="GraphicsObject.h">
      <Filter>Source Files\GraphicsObject</Filter>
    </ClInclude>
    <ClInclude Include="GraphicsObject_ColorByPosition.h">
      <Filter>Source Files\GraphicsObject</Filter>
    </ClInclude>
    <ClInclude Include="GraphicsObject_Wireframe.h">
      <Filter>Source Files\GraphicsObject</Filter>
    </ClInclude>
    <ClInclude Include="GraphicsObject_FlatTexture.h">
      <Filter>Source Files\GraphicsObject</Filter>
    </ClInclude>
    <ClInclude Include="Game.h">
      <Filter>Source Files\Game</Filter>
    </ClInclude>
    <ClInclude Include="TGA.h">
      <Filter>Source Files\Texture</Filter>
    </ClInclude>
    <ClInclude Include="Texture.h">
      <Filter>Source Files\Texture</Filter>
    </ClInclude>
    <ClInclude Include="InputMan.h">
      <Filter>Source Files\Input</Filter>
    </ClInclude>
    <ClInclude Include="Keyboard.h">
      <Filter>Source Files\Input</Filter>
    </ClInclude>
    <ClInclude Include="InputTest.h">
      <Filter>Source Files\Input</Filter>
    </ClInclude>
    <ClInclude Include="Mouse.h">
      <Filter>Source Files\Input</Filter>
    </ClInclude>
    <ClInclude Include="Camera.h">
      <Filter>Source Files\Camera</Filter>
    </ClInclude>
    <ClInclude Include="RenderMaterial.h">
      <Filter>Source Files\GraphicsObject</Filter>
    </ClInclude>
    <ClInclude Include="..\..\System_Libs\PCSTree\include\PCSNode.h">
      <Filter>_Libs\PCSTree\include</Filter>
    </ClInclude>
    <ClInclude Include="..\..\System_Libs\PCSTree\include\PCSTree.h">
      <Filter>_Libs\PCSTree\include</Filter>
    </ClInclude>
    <ClInclude Include="..\..\System_Libs\PCSTree\include\PCSTreeForwardIterator.h">
      <Filter>_Libs\PCSTree\include</Filter>
    </ClInclude>
    <ClInclude Include="..\..\System_Libs\PCSTree\include\PCSTreeIterator.h">
      <Filter>_Libs\PCSTree\include</Filter>
    </ClInclude>
    <ClInclude Include="..\..\System_Libs\PCSTree\include\PCSTreeReverseIterator.h">
      <Filter>_Libs\PCSTree\include</Filter>
    </ClInclude>
    <ClInclude Include="GameObjectMan.h">
      <Filter>Source Files\GameObject</Filter>
    </ClInclude>
    <ClInclude Include="NullModel.h">
      <Filter>Source Files\Model</Filter>
    </ClInclude>
    <ClInclude Include="GraphicsObject_Null.h">
      <Filter>Source Files\GraphicsObject</Filter>
    </ClInclude>
    <ClInclude Include="GraphicsObject_TextureLight.h">
      <Filter>Source Files\GraphicsObject</Filter>
    </ClInclude>
    <ClInclude Include="GraphicsObject_ConstColor.h">
      <Filter>Source Files\GraphicsObject</Filter>
    </ClInclude>
    <ClInclude Include="ModelFileHeader.h">
      <Filter>Source Files\Model</Filter>
    </ClInclude>
    <ClInclude Include="SphereModel.h">
      <Filter>Source Files\Model</Filter>
    </ClInclude>
    <ClInclude Include="GraphicsObject_WireframeConstantColor.h">
      <Filter>Source Files\GraphicsObject</Filter>
    </ClInclude>
    <ClInclude Include="BoundingSphere.h">
      <Filter>Source Files\Bounding</Filter>
    </ClInclude>
    <ClInclude Include="CameraDemoInput.h">
      <Filter>Source Files\Camera</Filter>
    </ClInclude>
    <ClInclude Include="CameraMan.h">
      <Filter>Source Files\Camera</Filter>
    </ClInclude>
    <ClInclude Include="CameraModel.h">
      <Filter>Source Files\Camera</Filter>
    </ClInclude>
    <ClInclude Include="CameraNode.h">
      <Filter>Source Files\Camera</Filter>
    </ClInclude>
    <ClInclude Include="BoundingSphereGameObject.h">
      <Filter>Source Files\GameObject</Filter>
    </ClInclude>
    <ClInclude Include="..\..\System_Libs\Time\include\Time.h">
      <Filter>_Libs\Time\include</Filter>
    </ClInclude>
    <ClInclude Include="..\..\System_Libs\Time\include\Timer.h">
      <Filter>_Libs\Time\include</Filter>
    </ClInclude>
    <ClInclude Include="PyramidModel.h">
      <Filter>Source Files\Model</Filter>
    </ClInclude>
    <ClInclude Include="..\..\System_Libs\Math\include\Align16.h">
      <Filter>_Libs\Math\include</Filter>
    </ClInclude>
    <ClInclude Include="..\..\System_Libs\Math\include\Constants.h">
      <Filter>_Libs\Math\include</Filter>
    </ClInclude>
    <ClInclude Include="..\..\System_Libs\Math\include\Enum.h">
      <Filter>_Libs\Math\include</Filter>
    </ClInclude>
    <ClInclude Include="..\..\System_Libs\Math\include\MathApp.h">
      <Filter>_Libs\Math\include</Filter>
    </ClInclude>
    <ClInclude Include="..\..\System_Libs\Math\include\MathEngine.h">
      <Filter>_Libs\Math\include</Filter>
    </ClInclude>
    <ClInclude Include="..\..\System_Libs\Math\include\Matrix.h">
      <Filter>_Libs\Math\include</Filter>
    </ClInclude>
    <ClInclude Include="..\..\System_Libs\Math\include\Quat.h">
      <Filter>_Libs\Math\include</Filter>
    </ClInclude>
    <ClInclude Include="..\..\System_Libs\Math\include\QuatApp.h">
      <Filter>_Libs\Math\include</Filter>
    </ClInclude>
    <ClInclude Include="..\..\System_Libs\Math\include\Util.h">
      <Filter>_Libs\Math\include</Filter>
    </ClInclude>
    <ClInclude Include="..\..\System_Libs\Math\include\Vect.h">
      <Filter>_Libs\Math\include</Filter>
    </ClInclude>
    <ClInclude Include="..\..\System_Libs\Math\include\VectApp.h">
      <Filter>_Libs\Math\include</Filter>
    </ClInclude>
    <ClInclude Include="Anim.h">
      <Filter>Source Files\Animation</Filter>
    </ClInclude>
    <ClInclude Include="FrameBucket.h">
      <Filter>Source Files\Animation</Filter>
    </ClInclude>
    <ClInclude Include="GraphicsDebugMessage.h">
      <Filter>Source Files\GraphicsObject</Filter>
    </ClInclude>
    <ClInclude Include="GameObjectAnim.h">
      <Filter>Source Files\GameObject</Filter>
    </ClInclude>
    <ClInclude Include="GameObjectRigid.h">
      <Filter>Source Files\GameObject</Filter>
    </ClInclude>
    <ClInclude Include="AnimManager.h">
      <Filter>Source Files\Animation</Filter>
    </ClInclude>
    <ClInclude Include="AnimFileHeader.h">
      <Filter>Source Files\Animation</Filter>
    </ClInclude>
    <ClInclude Include="ModelMan.h">
      <Filter>Source Files\Model</Filter>
    </ClInclude>
    <ClInclude Include="ShaderMan.h">
      <Filter>Source Files\Shader</Filter>
    </ClInclude>
    <ClInclude Include="GameObject.h">
      <Filter>Source Files\GameObject</Filter>
    </ClInclude>
    <ClInclude Include="TextureMan.h">
      <Filter>Source Files\Texture</Filter>
    </ClInclude>
    <ClInclude Include="TextureLink.h">
      <Filter>Source Files\Texture</Filter>
    </ClInclude>
    <ClInclude Include="ShaderLink.h">
      <Filter>Source Files\Shader</Filter>
    </ClInclude>
    <ClInclude Include="SpeedControl.h">
      <Filter>Source Files\Input</Filter>
    </ClInclude>
    <ClInclude Include="Color.h">
      <Filter>Source Files\Vect2D</Filter>
    </ClInclude>
    <ClInclude Include="Rect.h">
      <Filter>Source Files\Vect2D</Filter>
    </ClInclude>
    <ClInclude Include="Vect2D.h">
      <Filter>Source Files\Vect2D</Filter>
    </ClInclude>
    <ClInclude Include="ImageMan.h">
      <Filter>Source Files\Image</Filter>
    </ClInclude>
    <ClInclude Include="ImageLink.h">
      <Filter>Source Files\Image</Filter>
    </ClInclude>
    <ClInclude Include="Image.h">
      <Filter>Source Files\Image</Filter>
    </ClInclude>
    <ClInclude Include="GameObject2D.h">
      <Filter>Source Files\GameObject</Filter>
    </ClInclude>
    <ClInclude Include="GameObjectNull.h">
      <Filter>Source Files\GameObject</Filter>
    </ClInclude>
    <ClInclude Include="GraphicsObject_Sprite.h">
      <Filter>Source Files\GraphicsObject</Filter>
    </ClInclude>
    <ClInclude Include="SpriteVBO.h">
      <Filter>Source Files\Model</Filter>
    </ClInclude>
    <ClInclude Include="SpriteModel.h">
      <Filter>Source Files\Model</Filter>
    </ClInclude>
    <ClInclude Include="Glyph.h">
      <Filter>Source Files\Font</Filter>
    </ClInclude>
    <ClInclude Include="GlyphMan.h">
      <Filter>Source Files\Font</Filter>
    </ClInclude>
    <ClInclude Include="Font.h">
      <Filter>Source Files\Font</Filter>
    </ClInclude>
    <ClInclude Include="FontMan.h">
      <Filter>Source Files\Font</Filter>
    </ClInclude>
    <ClInclude Include="GameObjectSimple.h">
      <Filter>Source Files\GameObject</Filter>
    </ClInclude>
    <ClInclude Include="SkinModel.h">
      <Filter>Source Files\Skin</Filter>
    </ClInclude>
    <ClInclude Include="GraphicsObject_SkinConstColor.h">
      <Filter>Source Files\Skin</Filter>
    </ClInclude>
    <ClInclude Include="SSBO.h">
      <Filter>Source Files\ComputeShader</Filter>
    </ClInclude>
    <ClInclude Include="SkinGameObject.h">
      <Filter>Source Files\Skin</Filter>
    </ClInclude>
  </ItemGroup>
  <ItemGroup>
    <Image Include="Duckweed.tga">
      <Filter>Source Files\Tga</Filter>
    </Image>
    <Image Include="RedBrick.tga">
      <Filter>Source Files\Tga</Filter>
    </Image>
    <Image Include="Rocks.tga">
      <Filter>Source Files\Tga</Filter>
    </Image>
    <Image Include="Stone.tga">
      <Filter>Source Files\Tga</Filter>
    </Image>
    <Image Include="Aliens.tga">
      <Filter>Source Files\Tga</Filter>
    </Image>
    <Image Include="Consolas36pt.tga">
      <Filter>Source Files\Tga</Filter>
    </Image>
  </ItemGroup>
  <ItemGroup>
    <Library Include="..\..\System_Libs\File\lib\File_X86Debug.lib">
      <Filter>_Libs\File\libs</Filter>
    </Library>
    <Library Include="..\..\System_Libs\File\lib\File_X86Release.lib">
      <Filter>_Libs\File\libs</Filter>
    </Library>
    <Library Include="..\..\System_Libs\GLFW\lib\GLFW_X86Debug.lib">
      <Filter>_Libs\GLFW\libs</Filter>
    </Library>
    <Library Include="..\..\System_Libs\GLFW\lib\GLFW_X86Release.lib">
      <Filter>_Libs\GLFW\libs</Filter>
    </Library>
    <Library Include="..\..\System_Libs\Math\lib\Math_X86Debug.lib">
      <Filter>_Libs\Math\libs</Filter>
    </Library>
    <Library Include="..\..\System_Libs\Math\lib\Math_X86Release.lib">
      <Filter>_Libs\Math\libs</Filter>
    </Library>
    <Library Include="..\..\System_Libs\PCSTree\lib\PCSTree_X86Debug.lib">
      <Filter>_Libs\PCSTree\libs</Filter>
    </Library>
    <Library Include="..\..\System_Libs\PCSTree\lib\PCSTree_X86Release.lib">
      <Filter>_Libs\PCSTree\libs</Filter>
    </Library>
    <Library Include="..\..\System_Libs\SB7\lib\SB7_X86Debug.lib">
      <Filter>_Libs\SB7\libs</Filter>
    </Library>
    <Library Include="..\..\System_Libs\SB7\lib\SB7_X86Release.lib">
      <Filter>_Libs\SB7\libs</Filter>
    </Library>
    <Library Include="..\..\System_Libs\Time\lib\Time_X86Debug.lib">
      <Filter>_Libs\Time\libs</Filter>
    </Library>
    <Library Include="..\..\System_Libs\Time\lib\Time_X86Release.lib">
      <Filter>_Libs\Time\libs</Filter>
    </Library>
  </ItemGroup>
  <ItemGroup>
    <Xml Include="Consolas36pt.xml">
      <Filter>Source Files\Tga</Filter>
    </Xml>
  </ItemGroup>
</Project>